
Microsoft Visual Studio Solution File, Format Version 12.00
# Visual Studio Version 16
VisualStudioVersion = 16.0.31424.327
MinimumVisualStudioVersion = 10.0.40219.1
Project("{FAE04EC0-301F-11D3-BF4B-00C04F79EFBC}") = "ConfigLibrary", "ConfigLibrary.csproj", "{89410F74-3E89-44FE-B3E7-265FC3CF5995}"
EndProject
Global
	GlobalSection(SolutionConfigurationPlatforms) = preSolution
		Debug|Any CPU = Debug|Any CPU
		Release|Any CPU = Release|Any CPU
	EndGlobalSection
	GlobalSection(ProjectConfigurationPlatforms) = postSolution
		{89410F74-3E89-44FE-B3E7-265FC3CF5995}.Debug|Any CPU.ActiveCfg = Debug|Any CPU
		{89410F74-3E89-44FE-B3E7-265FC3CF5995}.Debug|Any CPU.Build.0 = Debug|Any CPU
		{89410F74-3E89-44FE-B3E7-265FC3CF5995}.Release|Any CPU.ActiveCfg = Release|Any CPU
		{89410F74-3E89-44FE-B3E7-265FC3CF5995}.Release|Any CPU.Build.0 = Release|Any CPU
	EndGlobalSection
	GlobalSection(SolutionProperties) = preSolution
		HideSolutionNode = FALSE
	EndGlobalSection
	GlobalSection(ExtensibilityGlobals) = postSolution
		SolutionGuid = {CCCFD124-ECEE-451B-8407-43688CE8E442}
	EndGlobalSection
EndGlobal
